
Microsoft Visual Studio Solution File, Format Version 12.00
# Visual Studio Version 16
VisualStudioVersion = 16.0.29201.188
MinimumVisualStudioVersion = 10.0.40219.1
Project("{FAE04EC0-301F-11D3-BF4B-00C04F79EFBC}") = "DesktopApp1", "DesktopApp1.csproj", "{BF5CCCC6-D303-4EB9-B18E-2D441A1DDCEA}"
EndProject
Global
	GlobalSection(SolutionConfigurationPlatforms) = preSolution
		Debug|Any CPU = Debug|Any CPU
		Release|Any CPU = Release|Any CPU
	EndGlobalSection
	GlobalSection(ProjectConfigurationPlatforms) = postSolution
		{BF5CCCC6-D303-4EB9-B18E-2D441A1DDCEA}.Debug|Any CPU.ActiveCfg = Debug|Any CPU
		{BF5CCCC6-D303-4EB9-B18E-2D441A1DDCEA}.Debug|Any CPU.Build.0 = Debug|Any CPU
		{BF5CCCC6-D303-4EB9-B18E-2D441A1DDCEA}.Release|Any CPU.ActiveCfg = Release|Any CPU
		{BF5CCCC6-D303-4EB9-B18E-2D441A1DDCEA}.Release|Any CPU.Build.0 = Release|Any CPU
	EndGlobalSection
	GlobalSection(SolutionProperties) = preSolution
		HideSolutionNode = FALSE
	EndGlobalSection
	GlobalSection(ExtensibilityGlobals) = postSolution
		SolutionGuid = {229AE791-95BF-4E4E-99DA-5AE489087154}
	EndGlobalSection
EndGlobal
